
Microsoft Visual Studio Solution File, Format Version 12.00
# Visual Studio Version 16
VisualStudioVersion = 16.0.29403.142
MinimumVisualStudioVersion = 10.0.40219.1
Project("{FAE04EC0-301F-11D3-BF4B-00C04F79EFBC}") = "Memory", "Memory\Memory.csproj", "{CD584166-02AE-4E40-BB94-4F512163411E}"
EndProject
Global
	GlobalSection(SolutionConfigurationPlatforms) = preSolution
		Debug|Any CPU = Debug|Any CPU
		Release|Any CPU = Release|Any CPU
	EndGlobalSection
	GlobalSection(ProjectConfigurationPlatforms) = postSolution
		{CD584166-02AE-4E40-BB94-4F512163411E}.Debug|Any CPU.ActiveCfg = Debug|Any CPU
		{CD584166-02AE-4E40-BB94-4F512163411E}.Debug|Any CPU.Build.0 = Debug|Any CPU
		{CD584166-02AE-4E40-BB94-4F512163411E}.Release|Any CPU.ActiveCfg = Release|Any CPU
		{CD584166-02AE-4E40-BB94-4F512163411E}.Release|Any CPU.Build.0 = Release|Any CPU
	EndGlobalSection
	GlobalSection(SolutionProperties) = preSolution
		HideSolutionNode = FALSE
	EndGlobalSection
	GlobalSection(ExtensibilityGlobals) = postSolution
		SolutionGuid = {4538A4C2-FFA3-4CB8-8171-9E01D28ADAA7}
	EndGlobalSection
EndGlobal
